
Microsoft Visual Studio Solution File, Format Version 12.00
# Visual Studio Version 17
VisualStudioVersion = 17.0.31912.275
MinimumVisualStudioVersion = 10.0.40219.1
Project("{FAE04EC0-301F-11D3-BF4B-00C04F79EFBC}") = "zhouchen.chart", "zhouchen.chart\zhouchen.chart.csproj", "{B6505BD1-2A27-47EA-A6BE-0DA79EA9D961}"
EndProject
Project("{FAE04EC0-301F-11D3-BF4B-00C04F79EFBC}") = "zhouchen.chart.test", "zhouchen.chart.test\zhouchen.chart.test.csproj", "{0C176466-D081-467F-AB38-7B73DEEF90FC}"
EndProject
Global
	GlobalSection(SolutionConfigurationPlatforms) = preSolution
		Debug|Any CPU = Debug|Any CPU
		Release|Any CPU = Release|Any CPU
	EndGlobalSection
	GlobalSection(ProjectConfigurationPlatforms) = postSolution
		{B6505BD1-2A27-47EA-A6BE-0DA79EA9D961}.Debug|Any CPU.ActiveCfg = Debug|Any CPU
		{B6505BD1-2A27-47EA-A6BE-0DA79EA9D961}.Debug|Any CPU.Build.0 = Debug|Any CPU
		{B6505BD1-2A27-47EA-A6BE-0DA79EA9D961}.Release|Any CPU.ActiveCfg = Release|Any CPU
		{B6505BD1-2A27-47EA-A6BE-0DA79EA9D961}.Release|Any CPU.Build.0 = Release|Any CPU
		{0C176466-D081-467F-AB38-7B73DEEF90FC}.Debug|Any CPU.ActiveCfg = Debug|Any CPU
		{0C176466-D081-467F-AB38-7B73DEEF90FC}.Debug|Any CPU.Build.0 = Debug|Any CPU
		{0C176466-D081-467F-AB38-7B73DEEF90FC}.Release|Any CPU.ActiveCfg = Release|Any CPU
		{0C176466-D081-467F-AB38-7B73DEEF90FC}.Release|Any CPU.Build.0 = Release|Any CPU
	EndGlobalSection
	GlobalSection(SolutionProperties) = preSolution
		HideSolutionNode = FALSE
	EndGlobalSection
	GlobalSection(ExtensibilityGlobals) = postSolution
		SolutionGuid = {A2C48E6D-DAF4-48E0-A560-15D8D544FBDF}
	EndGlobalSection
EndGlobal
